
Microsoft Visual Studio Solution File, Format Version 12.00
# Visual Studio Express 2013 for Windows Desktop
VisualStudioVersion = 12.0.31101.0
MinimumVisualStudioVersion = 10.0.40219.1
Project("{8BC9CEB8-8B4A-11D0-8D11-00A0C91BC942}") = "E1-3", "E1-3\E1-3.vcxproj", "{BCB367CC-FB0E-4D80-ABD3-13C19FAC6DAE}"
EndProject
Project("{8BC9CEB8-8B4A-11D0-8D11-00A0C91BC942}") = "E4", "E4\E4.vcxproj", "{899491DA-64BB-4F7D-AEF3-4E06DC0FC6EE}"
EndProject
Global
	GlobalSection(SolutionConfigurationPlatforms) = preSolution
		Debug|Win32 = Debug|Win32
		Release|Win32 = Release|Win32
	EndGlobalSection
	GlobalSection(ProjectConfigurationPlatforms) = postSolution
		{BCB367CC-FB0E-4D80-ABD3-13C19FAC6DAE}.Debug|Win32.ActiveCfg = Debug|Win32
		{BCB367CC-FB0E-4D80-ABD3-13C19FAC6DAE}.Debug|Win32.Build.0 = Debug|Win32
		{BCB367CC-FB0E-4D80-ABD3-13C19FAC6DAE}.Release|Win32.ActiveCfg = Release|Win32
		{BCB367CC-FB0E-4D80-ABD3-13C19FAC6DAE}.Release|Win32.Build.0 = Release|Win32
		{899491DA-64BB-4F7D-AEF3-4E06DC0FC6EE}.Debug|Win32.ActiveCfg = Debug|Win32
		{899491DA-64BB-4F7D-AEF3-4E06DC0FC6EE}.Debug|Win32.Build.0 = Debug|Win32
		{899491DA-64BB-4F7D-AEF3-4E06DC0FC6EE}.Release|Win32.ActiveCfg = Release|Win32
		{899491DA-64BB-4F7D-AEF3-4E06DC0FC6EE}.Release|Win32.Build.0 = Release|Win32
	EndGlobalSection
	GlobalSection(SolutionProperties) = preSolution
		HideSolutionNode = FALSE
	EndGlobalSection
EndGlobal
